
Microsoft Visual Studio Solution File, Format Version 12.00
# Visual Studio 2013
VisualStudioVersion = 12.0.21005.1
MinimumVisualStudioVersion = 10.0.40219.1
Project("{8BC9CEB8-8B4A-11D0-8D11-00A0C91BC942}") = "WXToys", "Client\WXToys.vcxproj", "{FB70536C-0E2A-46E9-BC99-15F98D43EDF9}"
EndProject
Project("{8BC9CEB8-8B4A-11D0-8D11-00A0C91BC942}") = "TinyXML", "dependenceies\TinyXML\TinyXML.vcxproj", "{08060A31-6315-4F03-81EF-9089A1EBDAB2}"
EndProject
Global
	GlobalSection(SolutionConfigurationPlatforms) = preSolution
		Debug|Win32 = Debug|Win32
		Release|Win32 = Release|Win32
	EndGlobalSection
	GlobalSection(ProjectConfigurationPlatforms) = postSolution
		{FB70536C-0E2A-46E9-BC99-15F98D43EDF9}.Debug|Win32.ActiveCfg = Debug|Win32
		{FB70536C-0E2A-46E9-BC99-15F98D43EDF9}.Debug|Win32.Build.0 = Debug|Win32
		{FB70536C-0E2A-46E9-BC99-15F98D43EDF9}.Release|Win32.ActiveCfg = Release|Win32
		{FB70536C-0E2A-46E9-BC99-15F98D43EDF9}.Release|Win32.Build.0 = Release|Win32
		{08060A31-6315-4F03-81EF-9089A1EBDAB2}.Debug|Win32.ActiveCfg = Debug|Win32
		{08060A31-6315-4F03-81EF-9089A1EBDAB2}.Debug|Win32.Build.0 = Debug|Win32
		{08060A31-6315-4F03-81EF-9089A1EBDAB2}.Release|Win32.ActiveCfg = Release|Win32
		{08060A31-6315-4F03-81EF-9089A1EBDAB2}.Release|Win32.Build.0 = Release|Win32
	EndGlobalSection
	GlobalSection(SolutionProperties) = preSolution
		HideSolutionNode = FALSE
	EndGlobalSection
EndGlobal
