<?xml version="1.0" encoding="utf-8"?>
<Project ToolsVersion="4.0" xmlns="http://schemas.microsoft.com/developer/msbuild/2003">
  <ItemGroup>
    <ClCompile Include="tinystr.cpp">
      <Filter>Src</Filter>
    </ClCompile>
    <ClCompile Include="tinyxml.cpp">
      <Filter>Src</Filter>
    </ClCompile>
    <ClCompile Include="tinyxmlerror.cpp">
      <Filter>Src</Filter>
    </ClCompile>
    <ClCompile Include="tinyxmlparser.cpp">
      <Filter>Src</Filter>
    </ClCompile>
  </ItemGroup>
  <ItemGroup>
    <ClInclude Include="tinystr.h">
      <Filter>Head</Filter>
    </ClInclude>
    <ClInclude Include="tinyxml.h">
      <Filter>Head</Filter>
    </ClInclude>
  </ItemGroup>
  <ItemGroup>
    <Filter Include="Head">
      <UniqueIdentifier>{26896b84-014b-45f3-b4f7-1e690770f8cd}</UniqueIdentifier>
    </Filter>
    <Filter Include="Src">
      <UniqueIdentifier>{a67de519-ae4e-417a-9e3a-5d0c41699ef5}</UniqueIdentifier>
    </Filter>
  </ItemGroup>
</Project>