<?xml version="1.0" encoding="utf-8"?>
<Project ToolsVersion="4.0" xmlns="http://schemas.microsoft.com/developer/msbuild/2003">
  <ItemGroup>
    <Filter Include="Source Files">
      <UniqueIdentifier>{4FC737F1-C7A5-4376-A066-2A32D752A2FF}</UniqueIdentifier>
      <Extensions>cpp;c;cc;cxx;def;odl;idl;hpj;bat;asm;asmx</Extensions>
    </Filter>
    <Filter Include="Header Files">
      <UniqueIdentifier>{93995380-89BD-4b04-88EB-625FBE52EBFB}</UniqueIdentifier>
      <Extensions>h;hpp;hxx;hm;inl;inc;xsd</Extensions>
    </Filter>
    <Filter Include="Resource Files">
      <UniqueIdentifier>{67DA6AB6-F800-4c08-8B7A-83BB121AAD01}</UniqueIdentifier>
      <Extensions>rc;ico;cur;bmp;dlg;rc2;rct;bin;rgs;gif;jpg;jpeg;jpe;resx;tiff;tif;png;wav</Extensions>
    </Filter>
    <Filter Include="Frame">
      <UniqueIdentifier>{a2f88d25-1333-47e3-8909-5b2f5a0a44a8}</UniqueIdentifier>
    </Filter>
  </ItemGroup>
  <ItemGroup>
    <ClCompile Include="DeferredShadow.cpp">
      <Filter>Source Files</Filter>
    </ClCompile>
    <ClCompile Include="DeferredSystem.cpp">
      <Filter>Source Files</Filter>
    </ClCompile>
    <ClCompile Include="LiSPSMShadowCameraSetupEx.cpp">
      <Filter>Source Files</Filter>
    </ClCompile>
    <ClCompile Include="Option.cpp">
      <Filter>Source Files</Filter>
    </ClCompile>
    <ClCompile Include="OutDepth.cpp">
      <Filter>Source Files</Filter>
    </ClCompile>
    <ClCompile Include="PickEntity.cpp">
      <Filter>Source Files</Filter>
    </ClCompile>
    <ClCompile Include="TestCore.cpp">
      <Filter>Source Files</Filter>
    </ClCompile>
    <ClCompile Include="Water.cpp">
      <Filter>Source Files</Filter>
    </ClCompile>
    <ClCompile Include="ChildView.cpp">
      <Filter>Frame</Filter>
    </ClCompile>
    <ClCompile Include="Deferred.cpp">
      <Filter>Frame</Filter>
    </ClCompile>
    <ClCompile Include="MainFrm.cpp">
      <Filter>Frame</Filter>
    </ClCompile>
    <ClCompile Include="stdafx.cpp">
      <Filter>Frame</Filter>
    </ClCompile>
  </ItemGroup>
  <ItemGroup>
    <ClInclude Include="DeferredOrder.h">
      <Filter>Header Files</Filter>
    </ClInclude>
    <ClInclude Include="DeferredShadow.h">
      <Filter>Header Files</Filter>
    </ClInclude>
    <ClInclude Include="DeferredSystem.h">
      <Filter>Header Files</Filter>
    </ClInclude>
    <ClInclude Include="LiSPSMShadowCameraSetupEx.h">
      <Filter>Header Files</Filter>
    </ClInclude>
    <ClInclude Include="Option.h">
      <Filter>Header Files</Filter>
    </ClInclude>
    <ClInclude Include="OutDepth.h">
      <Filter>Header Files</Filter>
    </ClInclude>
    <ClInclude Include="PickEntity.h">
      <Filter>Header Files</Filter>
    </ClInclude>
    <ClInclude Include="TestCore.h">
      <Filter>Header Files</Filter>
    </ClInclude>
    <ClInclude Include="Water.h">
      <Filter>Header Files</Filter>
    </ClInclude>
    <ClInclude Include="ChildView.h">
      <Filter>Frame</Filter>
    </ClInclude>
    <ClInclude Include="Deferred.h">
      <Filter>Frame</Filter>
    </ClInclude>
    <ClInclude Include="MainFrm.h">
      <Filter>Frame</Filter>
    </ClInclude>
    <ClInclude Include="Resource.h">
      <Filter>Frame</Filter>
    </ClInclude>
    <ClInclude Include="stdafx.h">
      <Filter>Frame</Filter>
    </ClInclude>
    <ClInclude Include="targetver.h">
      <Filter>Frame</Filter>
    </ClInclude>
  </ItemGroup>
  <ItemGroup>
    <ResourceCompile Include="Deferred.rc">
      <Filter>Resource Files</Filter>
    </ResourceCompile>
  </ItemGroup>
</Project>